
Microsoft Visual Studio Solution File, Format Version 12.00
# Visual Studio Version 17
VisualStudioVersion = 17.10.35013.160
MinimumVisualStudioVersion = 10.0.40219.1
Project("{FAE04EC0-301F-11D3-BF4B-00C04F79EFBC}") = "La,№3", "La,№3.csproj", "{46D42891-C4D9-44F8-80E5-13FE4E96F216}"
EndProject
Global
	GlobalSection(SolutionConfigurationPlatforms) = preSolution
		Debug|Any CPU = Debug|Any CPU
		Release|Any CPU = Release|Any CPU
	EndGlobalSection
	GlobalSection(ProjectConfigurationPlatforms) = postSolution
		{46D42891-C4D9-44F8-80E5-13FE4E96F216}.Debug|Any CPU.ActiveCfg = Debug|Any CPU
		{46D42891-C4D9-44F8-80E5-13FE4E96F216}.Debug|Any CPU.Build.0 = Debug|Any CPU
		{46D42891-C4D9-44F8-80E5-13FE4E96F216}.Release|Any CPU.ActiveCfg = Release|Any CPU
		{46D42891-C4D9-44F8-80E5-13FE4E96F216}.Release|Any CPU.Build.0 = Release|Any CPU
	EndGlobalSection
	GlobalSection(SolutionProperties) = preSolution
		HideSolutionNode = FALSE
	EndGlobalSection
	GlobalSection(ExtensibilityGlobals) = postSolution
		SolutionGuid = {6DBC165B-85C7-4003-8B7C-46D9D84E2516}
	EndGlobalSection
EndGlobal
